
Microsoft Visual Studio Solution File, Format Version 12.00
# Visual Studio Version 17
VisualStudioVersion = 17.7.34221.43
MinimumVisualStudioVersion = 10.0.40219.1
Project("{8BC9CEB8-8B4A-11D0-8D11-00A0C91BC942}") = "16.4", "16.4.vcxproj", "{F7C7DCB3-788E-4261-8CF1-4DC1E43565D2}"
EndProject
Global
	GlobalSection(SolutionConfigurationPlatforms) = preSolution
		Debug|x64 = Debug|x64
		Debug|x86 = Debug|x86
		Release|x64 = Release|x64
		Release|x86 = Release|x86
	EndGlobalSection
	GlobalSection(ProjectConfigurationPlatforms) = postSolution
		{F7C7DCB3-788E-4261-8CF1-4DC1E43565D2}.Debug|x64.ActiveCfg = Debug|x64
		{F7C7DCB3-788E-4261-8CF1-4DC1E43565D2}.Debug|x64.Build.0 = Debug|x64
		{F7C7DCB3-788E-4261-8CF1-4DC1E43565D2}.Debug|x86.ActiveCfg = Debug|Win32
		{F7C7DCB3-788E-4261-8CF1-4DC1E43565D2}.Debug|x86.Build.0 = Debug|Win32
		{F7C7DCB3-788E-4261-8CF1-4DC1E43565D2}.Release|x64.ActiveCfg = Release|x64
		{F7C7DCB3-788E-4261-8CF1-4DC1E43565D2}.Release|x64.Build.0 = Release|x64
		{F7C7DCB3-788E-4261-8CF1-4DC1E43565D2}.Release|x86.ActiveCfg = Release|Win32
		{F7C7DCB3-788E-4261-8CF1-4DC1E43565D2}.Release|x86.Build.0 = Release|Win32
	EndGlobalSection
	GlobalSection(SolutionProperties) = preSolution
		HideSolutionNode = FALSE
	EndGlobalSection
	GlobalSection(ExtensibilityGlobals) = postSolution
		SolutionGuid = {C00A3663-F2A9-4E68-8B10-622FAEAD38DF}
	EndGlobalSection
EndGlobal
