
Microsoft Visual Studio Solution File, Format Version 12.00
# Visual Studio Version 17
VisualStudioVersion = 17.7.34221.43
MinimumVisualStudioVersion = 10.0.40219.1
Project("{8BC9CEB8-8B4A-11D0-8D11-00A0C91BC942}") = "8.1", "8.1.vcxproj", "{AE046C8D-984B-4FC0-97A0-0E4C17288500}"
EndProject
Global
	GlobalSection(SolutionConfigurationPlatforms) = preSolution
		Debug|x64 = Debug|x64
		Debug|x86 = Debug|x86
		Release|x64 = Release|x64
		Release|x86 = Release|x86
	EndGlobalSection
	GlobalSection(ProjectConfigurationPlatforms) = postSolution
		{AE046C8D-984B-4FC0-97A0-0E4C17288500}.Debug|x64.ActiveCfg = Debug|x64
		{AE046C8D-984B-4FC0-97A0-0E4C17288500}.Debug|x64.Build.0 = Debug|x64
		{AE046C8D-984B-4FC0-97A0-0E4C17288500}.Debug|x86.ActiveCfg = Debug|Win32
		{AE046C8D-984B-4FC0-97A0-0E4C17288500}.Debug|x86.Build.0 = Debug|Win32
		{AE046C8D-984B-4FC0-97A0-0E4C17288500}.Release|x64.ActiveCfg = Release|x64
		{AE046C8D-984B-4FC0-97A0-0E4C17288500}.Release|x64.Build.0 = Release|x64
		{AE046C8D-984B-4FC0-97A0-0E4C17288500}.Release|x86.ActiveCfg = Release|Win32
		{AE046C8D-984B-4FC0-97A0-0E4C17288500}.Release|x86.Build.0 = Release|Win32
	EndGlobalSection
	GlobalSection(SolutionProperties) = preSolution
		HideSolutionNode = FALSE
	EndGlobalSection
	GlobalSection(ExtensibilityGlobals) = postSolution
		SolutionGuid = {738D1ACC-FD0C-418F-BAD2-ECDF7315B025}
	EndGlobalSection
EndGlobal
